
Microsoft Visual Studio Solution File, Format Version 12.00
# Visual Studio Version 16
VisualStudioVersion = 16.0.30011.22
MinimumVisualStudioVersion = 10.0.40219.1
Project("{FAE04EC0-301F-11D3-BF4B-00C04F79EFBC}") = "ResearchBot", "ResearchBot\ResearchBot.csproj", "{559C3871-5EB6-4B17-B90D-02C8535FF874}"
EndProject
Global
	GlobalSection(SolutionConfigurationPlatforms) = preSolution
		Debug|Any CPU = Debug|Any CPU
		Release|Any CPU = Release|Any CPU
	EndGlobalSection
	GlobalSection(ProjectConfigurationPlatforms) = postSolution
		{559C3871-5EB6-4B17-B90D-02C8535FF874}.Debug|Any CPU.ActiveCfg = Debug|Any CPU
		{559C3871-5EB6-4B17-B90D-02C8535FF874}.Debug|Any CPU.Build.0 = Debug|Any CPU
		{559C3871-5EB6-4B17-B90D-02C8535FF874}.Release|Any CPU.ActiveCfg = Release|Any CPU
		{559C3871-5EB6-4B17-B90D-02C8535FF874}.Release|Any CPU.Build.0 = Release|Any CPU
	EndGlobalSection
	GlobalSection(SolutionProperties) = preSolution
		HideSolutionNode = FALSE
	EndGlobalSection
	GlobalSection(ExtensibilityGlobals) = postSolution
		SolutionGuid = {3E5F70A4-A499-4A75-B039-A23FBC52C070}
	EndGlobalSection
EndGlobal
